// !$*UTF8*$!
{
	archiveVersion = 1;
	classes = {
	};
	objectVersion = 46;
	objects = {

/* Begin PBXBuildFile section */
		0C1C3B0719E3DEF8001DD3AB /* SNGameState+Hints.m in Sources */ = {isa = PBXBuildFile; fileRef = 0C1C3B0619E3DEF8001DD3AB /* SNGameState+Hints.m */; };
		0C1C3B0A19E3E082001DD3AB /* NSDictionary+Aggregation.m in Sources */ = {isa = PBXBuildFile; fileRef = 0C1C3B0919E3E082001DD3AB /* NSDictionary+Aggregation.m */; };
		0C2176921A289AFB0077B3BE /* NSGameCenterManager.m in Sources */ = {isa = PBXBuildFile; fileRef = 0C2176911A289AFB0077B3BE /* NSGameCenterManager.m */; };
		0C2176941A28A2D40077B3BE /* GameCenter.plist in Resources */ = {isa = PBXBuildFile; fileRef = 0C2176931A28A2D40077B3BE /* GameCenter.plist */; };
		0C21769D1A28B8E10077B3BE /* NSObject+SafeBlocks.m in Sources */ = {isa = PBXBuildFile; fileRef = 0C21769C1A28B8E10077B3BE /* NSObject+SafeBlocks.m */; };
		0C2414341A0CBC3F00947A1E /* UIMenuButton.m in Sources */ = {isa = PBXBuildFile; fileRef = 0C2414331A0CBC3F00947A1E /* UIMenuButton.m */; };
		0C2414401A0CFE6500947A1E /* UIFont+AutoSize.m in Sources */ = {isa = PBXBuildFile; fileRef = 0C24143F1A0CFE6500947A1E /* UIFont+AutoSize.m */; };
		0C2A71981A28C2460059F9E5 /* NSHighScoreManager.m in Sources */ = {isa = PBXBuildFile; fileRef = 0C2A71971A28C2460059F9E5 /* NSHighScoreManager.m */; };
		0C31EF491A08B1DC002A52B2 /* SNCounterLabelLayout.m in Sources */ = {isa = PBXBuildFile; fileRef = 0C31EF481A08B1DC002A52B2 /* SNCounterLabelLayout.m */; };
		0C31EF4C1A08B1FD002A52B2 /* SNCounterLabelState.m in Sources */ = {isa = PBXBuildFile; fileRef = 0C31EF4B1A08B1FD002A52B2 /* SNCounterLabelState.m */; };
		0C31EF4F1A08B239002A52B2 /* UICounterLabel.m in Sources */ = {isa = PBXBuildFile; fileRef = 0C31EF4E1A08B239002A52B2 /* UICounterLabel.m */; };
		0C31EF531A08B2E5002A52B2 /* RSTimingFunction.m in Sources */ = {isa = PBXBuildFile; fileRef = 0C31EF521A08B2E5002A52B2 /* RSTimingFunction.m */; };
		0C31EF5A1A08B613002A52B2 /* UIFloatingController.m in Sources */ = {isa = PBXBuildFile; fileRef = 0C31EF561A08B613002A52B2 /* UIFloatingController.m */; };
		0C31EF6D1A08D8D5002A52B2 /* Lato-Black.ttf in Resources */ = {isa = PBXBuildFile; fileRef = 0C31EF681A08D8D5002A52B2 /* Lato-Black.ttf */; };
		0C31EF6E1A08D8D5002A52B2 /* Lato-Bold.ttf in Resources */ = {isa = PBXBuildFile; fileRef = 0C31EF691A08D8D5002A52B2 /* Lato-Bold.ttf */; };
		0C31EF6F1A08D8D5002A52B2 /* Lato-Light.ttf in Resources */ = {isa = PBXBuildFile; fileRef = 0C31EF6A1A08D8D5002A52B2 /* Lato-Light.ttf */; };
		0C31EF701A08D8D5002A52B2 /* Lato-Regular.ttf in Resources */ = {isa = PBXBuildFile; fileRef = 0C31EF6B1A08D8D5002A52B2 /* Lato-Regular.ttf */; };
		0C31EF711A08D8D5002A52B2 /* Lato-Thin.ttf in Resources */ = {isa = PBXBuildFile; fileRef = 0C31EF6C1A08D8D5002A52B2 /* Lato-Thin.ttf */; };
		0C4C39C41A132F7200831031 /* UILabelExt.m in Sources */ = {isa = PBXBuildFile; fileRef = 0C4C39C31A132F7200831031 /* UILabelExt.m */; };
		0C69111E19EFAC310011C6A6 /* UIPlaygroundGridView+Animations.m in Sources */ = {isa = PBXBuildFile; fileRef = 0C69111D19EFAC310011C6A6 /* UIPlaygroundGridView+Animations.m */; };
		0C6FFD9519ED229000485ACB /* SpringMath.c in Sources */ = {isa = PBXBuildFile; fileRef = 0C6FFD9319ED229000485ACB /* SpringMath.c */; };
		0C6FFD9819ED23B500485ACB /* SKAction+Spring.m in Sources */ = {isa = PBXBuildFile; fileRef = 0C6FFD9719ED23B500485ACB /* SKAction+Spring.m */; };
		0C6FFDD119EE568700485ACB /* SNFieldReaction.m in Sources */ = {isa = PBXBuildFile; fileRef = 0C6FFDD019EE568700485ACB /* SNFieldReaction.m */; };
		0C6FFDD719EE693800485ACB /* SNFieldTransition.m in Sources */ = {isa = PBXBuildFile; fileRef = 0C6FFDD619EE693800485ACB /* SNFieldTransition.m */; };
		0C7A482B1A1F494D003B186C /* UIFloatingResultController.m in Sources */ = {isa = PBXBuildFile; fileRef = 0C7A482A1A1F494D003B186C /* UIFloatingResultController.m */; };
		0C7D6D871A021329005F0380 /* SKAction+SKTExtras.m in Sources */ = {isa = PBXBuildFile; fileRef = 0C7D6D771A021329005F0380 /* SKAction+SKTExtras.m */; };
		0C7D6D881A021329005F0380 /* SKAction+SKTSpecialEffects.m in Sources */ = {isa = PBXBuildFile; fileRef = 0C7D6D791A021329005F0380 /* SKAction+SKTSpecialEffects.m */; };
		0C7D6D891A021329005F0380 /* SKEmitterNode+SKTExtras.m in Sources */ = {isa = PBXBuildFile; fileRef = 0C7D6D7B1A021329005F0380 /* SKEmitterNode+SKTExtras.m */; };
		0C7D6D8A1A021329005F0380 /* SKNode+SKTDebugDraw.m in Sources */ = {isa = PBXBuildFile; fileRef = 0C7D6D7D1A021329005F0380 /* SKNode+SKTDebugDraw.m */; };
		0C7D6D8B1A021329005F0380 /* SKNode+SKTExtras.m in Sources */ = {isa = PBXBuildFile; fileRef = 0C7D6D7F1A021329005F0380 /* SKNode+SKTExtras.m */; };
		0C7D6D8C1A021329005F0380 /* SKTAudio.m in Sources */ = {isa = PBXBuildFile; fileRef = 0C7D6D811A021329005F0380 /* SKTAudio.m */; };
		0C7D6D8D1A021329005F0380 /* SKTEffects.m in Sources */ = {isa = PBXBuildFile; fileRef = 0C7D6D831A021329005F0380 /* SKTEffects.m */; };
		0C7D6D8E1A021329005F0380 /* SKTTimingFunctions.m in Sources */ = {isa = PBXBuildFile; fileRef = 0C7D6D851A021329005F0380 /* SKTTimingFunctions.m */; };
		0C87AF9F1A25FA730040BDB0 /* UIResultDisk.m in Sources */ = {isa = PBXBuildFile; fileRef = 0C87AF9E1A25FA730040BDB0 /* UIResultDisk.m */; };
		0C9B83881A1DC33E0093778A /* UIGameStoryboard.storyboard in Resources */ = {isa = PBXBuildFile; fileRef = 0C9B83871A1DC33E0093778A /* UIGameStoryboard.storyboard */; };
		0CA10E9519E52ED40013382A /* UIPlaygroundGridView.m in Sources */ = {isa = PBXBuildFile; fileRef = 0CA10E9419E52ED40013382A /* UIPlaygroundGridView.m */; };
		0CA10E9819E53E470013382A /* UIArrowView.m in Sources */ = {isa = PBXBuildFile; fileRef = 0CA10E9719E53E470013382A /* UIArrowView.m */; };
		0CA10EA619E552AE0013382A /* UIBezierPath+Image.m in Sources */ = {isa = PBXBuildFile; fileRef = 0CA10EA519E552AE0013382A /* UIBezierPath+Image.m */; };
		0CA10EA919E5536B0013382A /* UIImage+Blending.m in Sources */ = {isa = PBXBuildFile; fileRef = 0CA10EA819E5536B0013382A /* UIImage+Blending.m */; };
		0CA86E4B19DEAE4500512B28 /* main.m in Sources */ = {isa = PBXBuildFile; fileRef = 0CA86E4A19DEAE4500512B28 /* main.m */; };
		0CA86E4E19DEAE4500512B28 /* AppDelegate.m in Sources */ = {isa = PBXBuildFile; fileRef = 0CA86E4D19DEAE4500512B28 /* AppDelegate.m */; };
		0CA86E5119DEAE4500512B28 /* UIPlaygroundGridViewController.m in Sources */ = {isa = PBXBuildFile; fileRef = 0CA86E5019DEAE4500512B28 /* UIPlaygroundGridViewController.m */; };
		0CA86E5619DEAE4500512B28 /* Images.xcassets in Resources */ = {isa = PBXBuildFile; fileRef = 0CA86E5519DEAE4500512B28 /* Images.xcassets */; };
		0CA86E5919DEAE4500512B28 /* LaunchScreen.xib in Resources */ = {isa = PBXBuildFile; fileRef = 0CA86E5719DEAE4500512B28 /* LaunchScreen.xib */; };
		0CA86E6519DEAE4500512B28 /* GrotTests.m in Sources */ = {isa = PBXBuildFile; fileRef = 0CA86E6419DEAE4500512B28 /* GrotTests.m */; };
		0CA86E7B19DEB41F00512B28 /* SNGrid.m in Sources */ = {isa = PBXBuildFile; fileRef = 0CA86E7A19DEB41F00512B28 /* SNGrid.m */; };
		0CA86E8119DEB58400512B28 /* SNGameGrid.m in Sources */ = {isa = PBXBuildFile; fileRef = 0CA86E8019DEB58400512B28 /* SNGameGrid.m */; };
		0CA86E8419DEB5B500512B28 /* SNGameResults.m in Sources */ = {isa = PBXBuildFile; fileRef = 0CA86E8319DEB5B500512B28 /* SNGameResults.m */; };
		0CA86E8719DEB5C600512B28 /* SNGameState.m in Sources */ = {isa = PBXBuildFile; fileRef = 0CA86E8619DEB5C600512B28 /* SNGameState.m */; };
		0CA86E8E19DEB82F00512B28 /* SNArrowField.m in Sources */ = {isa = PBXBuildFile; fileRef = 0CA86E8D19DEB82F00512B28 /* SNArrowField.m */; };
		0CDB57331A1B5DEC005741D1 /* UIFloatingMenuController.m in Sources */ = {isa = PBXBuildFile; fileRef = 0CDB57321A1B5DEC005741D1 /* UIFloatingMenuController.m */; };
		0CDB57361A1B8447005741D1 /* UIFloatingHelpController.m in Sources */ = {isa = PBXBuildFile; fileRef = 0CDB57351A1B8447005741D1 /* UIFloatingHelpController.m */; };
		0CDB573C1A1B8820005741D1 /* UIView+RoundedEdges.m in Sources */ = {isa = PBXBuildFile; fileRef = 0CDB573B1A1B8820005741D1 /* UIView+RoundedEdges.m */; };
		0CDB573F1A1B8D7D005741D1 /* UIFieldBadge.m in Sources */ = {isa = PBXBuildFile; fileRef = 0CDB573E1A1B8D7D005741D1 /* UIFieldBadge.m */; };
		0CF8A7CE19E6A0400039A26E /* UIGameViewController.m in Sources */ = {isa = PBXBuildFile; fileRef = 0CF8A7CD19E6A0400039A26E /* UIGameViewController.m */; };
		43A964091C6A5A92B6FFF80E /* libPods.a in Frameworks */ = {isa = PBXBuildFile; fileRef = BB9387D76AF02D852E8F9D75 /* libPods.a */; };
/* End PBXBuildFile section */

/* Begin PBXContainerItemProxy section */
		0CA86E5F19DEAE4500512B28 /* PBXContainerItemProxy */ = {
			isa = PBXContainerItemProxy;
			containerPortal = 0CA86E3D19DEAE4500512B28 /* Project object */;
			proxyType = 1;
			remoteGlobalIDString = 0CA86E4419DEAE4500512B28;
			remoteInfo = Grot;
		};
/* End PBXContainerItemProxy section */

/* Begin PBXFileReference section */
		0C0C1BE01A07987D00AF3356 /* Prefix.pch */ = {isa = PBXFileReference; fileEncoding = 4; lastKnownFileType = sourcecode.c.h; path = Prefix.pch; sourceTree = "<group>"; };
		0C1C3B0519E3DEF8001DD3AB /* SNGameState+Hints.h */ = {isa = PBXFileReference; fileEncoding = 4; lastKnownFileType = sourcecode.c.h; path = "SNGameState+Hints.h"; sourceTree = "<group>"; };
		0C1C3B0619E3DEF8001DD3AB /* SNGameState+Hints.m */ = {isa = PBXFileReference; fileEncoding = 4; lastKnownFileType = sourcecode.c.objc; path = "SNGameState+Hints.m"; sourceTree = "<group>"; };
		0C1C3B0819E3E082001DD3AB /* NSDictionary+Aggregation.h */ = {isa = PBXFileReference; fileEncoding = 4; lastKnownFileType = sourcecode.c.h; path = "NSDictionary+Aggregation.h"; sourceTree = "<group>"; };
		0C1C3B0919E3E082001DD3AB /* NSDictionary+Aggregation.m */ = {isa = PBXFileReference; fileEncoding = 4; lastKnownFileType = sourcecode.c.objc; path = "NSDictionary+Aggregation.m"; sourceTree = "<group>"; };
		0C2176901A289AFB0077B3BE /* NSGameCenterManager.h */ = {isa = PBXFileReference; fileEncoding = 4; lastKnownFileType = sourcecode.c.h; path = NSGameCenterManager.h; sourceTree = "<group>"; };
		0C2176911A289AFB0077B3BE /* NSGameCenterManager.m */ = {isa = PBXFileReference; fileEncoding = 4; lastKnownFileType = sourcecode.c.objc; path = NSGameCenterManager.m; sourceTree = "<group>"; };
		0C2176931A28A2D40077B3BE /* GameCenter.plist */ = {isa = PBXFileReference; fileEncoding = 4; lastKnownFileType = text.plist.xml; path = GameCenter.plist; sourceTree = "<group>"; };
		0C21769B1A28B8E10077B3BE /* NSObject+SafeBlocks.h */ = {isa = PBXFileReference; fileEncoding = 4; lastKnownFileType = sourcecode.c.h; path = "NSObject+SafeBlocks.h"; sourceTree = "<group>"; };
		0C21769C1A28B8E10077B3BE /* NSObject+SafeBlocks.m */ = {isa = PBXFileReference; fileEncoding = 4; lastKnownFileType = sourcecode.c.objc; path = "NSObject+SafeBlocks.m"; sourceTree = "<group>"; };
		0C2414321A0CBC3F00947A1E /* UIMenuButton.h */ = {isa = PBXFileReference; fileEncoding = 4; lastKnownFileType = sourcecode.c.h; path = UIMenuButton.h; sourceTree = "<group>"; };
		0C2414331A0CBC3F00947A1E /* UIMenuButton.m */ = {isa = PBXFileReference; fileEncoding = 4; lastKnownFileType = sourcecode.c.objc; path = UIMenuButton.m; sourceTree = "<group>"; };
		0C24143E1A0CFE6500947A1E /* UIFont+AutoSize.h */ = {isa = PBXFileReference; fileEncoding = 4; lastKnownFileType = sourcecode.c.h; path = "UIFont+AutoSize.h"; sourceTree = "<group>"; };
		0C24143F1A0CFE6500947A1E /* UIFont+AutoSize.m */ = {isa = PBXFileReference; fileEncoding = 4; lastKnownFileType = sourcecode.c.objc; path = "UIFont+AutoSize.m"; sourceTree = "<group>"; };
		0C2A71961A28C2460059F9E5 /* NSHighScoreManager.h */ = {isa = PBXFileReference; fileEncoding = 4; lastKnownFileType = sourcecode.c.h; path = NSHighScoreManager.h; sourceTree = "<group>"; };
		0C2A71971A28C2460059F9E5 /* NSHighScoreManager.m */ = {isa = PBXFileReference; fileEncoding = 4; lastKnownFileType = sourcecode.c.objc; path = NSHighScoreManager.m; sourceTree = "<group>"; };
		0C31EF441A08B047002A52B2 /* UIGameStoryboard.h */ = {isa = PBXFileReference; lastKnownFileType = sourcecode.c.h; path = UIGameStoryboard.h; sourceTree = "<group>"; };
		0C31EF471A08B1DC002A52B2 /* SNCounterLabelLayout.h */ = {isa = PBXFileReference; fileEncoding = 4; lastKnownFileType = sourcecode.c.h; path = SNCounterLabelLayout.h; sourceTree = "<group>"; };
		0C31EF481A08B1DC002A52B2 /* SNCounterLabelLayout.m */ = {isa = PBXFileReference; fileEncoding = 4; lastKnownFileType = sourcecode.c.objc; path = SNCounterLabelLayout.m; sourceTree = "<group>"; };
		0C31EF4A1A08B1FD002A52B2 /* SNCounterLabelState.h */ = {isa = PBXFileReference; fileEncoding = 4; lastKnownFileType = sourcecode.c.h; path = SNCounterLabelState.h; sourceTree = "<group>"; };
		0C31EF4B1A08B1FD002A52B2 /* SNCounterLabelState.m */ = {isa = PBXFileReference; fileEncoding = 4; lastKnownFileType = sourcecode.c.objc; path = SNCounterLabelState.m; sourceTree = "<group>"; };
		0C31EF4D1A08B239002A52B2 /* UICounterLabel.h */ = {isa = PBXFileReference; fileEncoding = 4; lastKnownFileType = sourcecode.c.h; path = UICounterLabel.h; sourceTree = "<group>"; };
		0C31EF4E1A08B239002A52B2 /* UICounterLabel.m */ = {isa = PBXFileReference; fileEncoding = 4; lastKnownFileType = sourcecode.c.objc; path = UICounterLabel.m; sourceTree = "<group>"; };
		0C31EF511A08B2E5002A52B2 /* RSTimingFunction.h */ = {isa = PBXFileReference; fileEncoding = 4; lastKnownFileType = sourcecode.c.h; path = RSTimingFunction.h; sourceTree = "<group>"; };
		0C31EF521A08B2E5002A52B2 /* RSTimingFunction.m */ = {isa = PBXFileReference; fileEncoding = 4; lastKnownFileType = sourcecode.c.objc; path = RSTimingFunction.m; sourceTree = "<group>"; };
		0C31EF551A08B613002A52B2 /* UIFloatingController.h */ = {isa = PBXFileReference; fileEncoding = 4; lastKnownFileType = sourcecode.c.h; path = UIFloatingController.h; sourceTree = "<group>"; };
		0C31EF561A08B613002A52B2 /* UIFloatingController.m */ = {isa = PBXFileReference; fileEncoding = 4; lastKnownFileType = sourcecode.c.objc; path = UIFloatingController.m; sourceTree = "<group>"; };
		0C31EF681A08D8D5002A52B2 /* Lato-Black.ttf */ = {isa = PBXFileReference; lastKnownFileType = file; path = "Lato-Black.ttf"; sourceTree = "<group>"; };
		0C31EF691A08D8D5002A52B2 /* Lato-Bold.ttf */ = {isa = PBXFileReference; lastKnownFileType = file; path = "Lato-Bold.ttf"; sourceTree = "<group>"; };
		0C31EF6A1A08D8D5002A52B2 /* Lato-Light.ttf */ = {isa = PBXFileReference; lastKnownFileType = file; path = "Lato-Light.ttf"; sourceTree = "<group>"; };
		0C31EF6B1A08D8D5002A52B2 /* Lato-Regular.ttf */ = {isa = PBXFileReference; lastKnownFileType = file; path = "Lato-Regular.ttf"; sourceTree = "<group>"; };
		0C31EF6C1A08D8D5002A52B2 /* Lato-Thin.ttf */ = {isa = PBXFileReference; lastKnownFileType = file; path = "Lato-Thin.ttf"; sourceTree = "<group>"; };
		0C4C39C21A132F7200831031 /* UILabelExt.h */ = {isa = PBXFileReference; fileEncoding = 4; lastKnownFileType = sourcecode.c.h; path = UILabelExt.h; sourceTree = "<group>"; };
		0C4C39C31A132F7200831031 /* UILabelExt.m */ = {isa = PBXFileReference; fileEncoding = 4; lastKnownFileType = sourcecode.c.objc; path = UILabelExt.m; sourceTree = "<group>"; };
		0C69111C19EFAC310011C6A6 /* UIPlaygroundGridView+Animations.h */ = {isa = PBXFileReference; fileEncoding = 4; lastKnownFileType = sourcecode.c.h; path = "UIPlaygroundGridView+Animations.h"; sourceTree = "<group>"; };
		0C69111D19EFAC310011C6A6 /* UIPlaygroundGridView+Animations.m */ = {isa = PBXFileReference; fileEncoding = 4; lastKnownFileType = sourcecode.c.objc; path = "UIPlaygroundGridView+Animations.m"; sourceTree = "<group>"; };
		0C6FFD9319ED229000485ACB /* SpringMath.c */ = {isa = PBXFileReference; fileEncoding = 4; lastKnownFileType = sourcecode.c.c; path = SpringMath.c; sourceTree = "<group>"; };
		0C6FFD9419ED229000485ACB /* SpringMath.h */ = {isa = PBXFileReference; fileEncoding = 4; lastKnownFileType = sourcecode.c.h; path = SpringMath.h; sourceTree = "<group>"; };
		0C6FFD9619ED23B500485ACB /* SKAction+Spring.h */ = {isa = PBXFileReference; fileEncoding = 4; lastKnownFileType = sourcecode.c.h; path = "SKAction+Spring.h"; sourceTree = "<group>"; };
		0C6FFD9719ED23B500485ACB /* SKAction+Spring.m */ = {isa = PBXFileReference; fileEncoding = 4; lastKnownFileType = sourcecode.c.objc; path = "SKAction+Spring.m"; sourceTree = "<group>"; };
		0C6FFDCC19ED4D2100485ACB /* CGPoint+Distance.h */ = {isa = PBXFileReference; fileEncoding = 4; lastKnownFileType = sourcecode.c.h; path = "CGPoint+Distance.h"; sourceTree = "<group>"; };
		0C6FFDCF19EE568700485ACB /* SNFieldReaction.h */ = {isa = PBXFileReference; fileEncoding = 4; lastKnownFileType = sourcecode.c.h; path = SNFieldReaction.h; sourceTree = "<group>"; };
		0C6FFDD019EE568700485ACB /* SNFieldReaction.m */ = {isa = PBXFileReference; fileEncoding = 4; lastKnownFileType = sourcecode.c.objc; path = SNFieldReaction.m; sourceTree = "<group>"; };
		0C6FFDD519EE693800485ACB /* SNFieldTransition.h */ = {isa = PBXFileReference; fileEncoding = 4; lastKnownFileType = sourcecode.c.h; path = SNFieldTransition.h; sourceTree = "<group>"; };
		0C6FFDD619EE693800485ACB /* SNFieldTransition.m */ = {isa = PBXFileReference; fileEncoding = 4; lastKnownFileType = sourcecode.c.objc; path = SNFieldTransition.m; sourceTree = "<group>"; };
		0C7A48291A1F494D003B186C /* UIFloatingResultController.h */ = {isa = PBXFileReference; fileEncoding = 4; lastKnownFileType = sourcecode.c.h; path = UIFloatingResultController.h; sourceTree = "<group>"; };
		0C7A482A1A1F494D003B186C /* UIFloatingResultController.m */ = {isa = PBXFileReference; fileEncoding = 4; lastKnownFileType = sourcecode.c.objc; path = UIFloatingResultController.m; sourceTree = "<group>"; };
		0C7D6D761A021329005F0380 /* SKAction+SKTExtras.h */ = {isa = PBXFileReference; fileEncoding = 4; lastKnownFileType = sourcecode.c.h; path = "SKAction+SKTExtras.h"; sourceTree = "<group>"; };
		0C7D6D771A021329005F0380 /* SKAction+SKTExtras.m */ = {isa = PBXFileReference; fileEncoding = 4; lastKnownFileType = sourcecode.c.objc; path = "SKAction+SKTExtras.m"; sourceTree = "<group>"; };
		0C7D6D781A021329005F0380 /* SKAction+SKTSpecialEffects.h */ = {isa = PBXFileReference; fileEncoding = 4; lastKnownFileType = sourcecode.c.h; path = "SKAction+SKTSpecialEffects.h"; sourceTree = "<group>"; };
		0C7D6D791A021329005F0380 /* SKAction+SKTSpecialEffects.m */ = {isa = PBXFileReference; fileEncoding = 4; lastKnownFileType = sourcecode.c.objc; path = "SKAction+SKTSpecialEffects.m"; sourceTree = "<group>"; };
		0C7D6D7A1A021329005F0380 /* SKEmitterNode+SKTExtras.h */ = {isa = PBXFileReference; fileEncoding = 4; lastKnownFileType = sourcecode.c.h; path = "SKEmitterNode+SKTExtras.h"; sourceTree = "<group>"; };
		0C7D6D7B1A021329005F0380 /* SKEmitterNode+SKTExtras.m */ = {isa = PBXFileReference; fileEncoding = 4; lastKnownFileType = sourcecode.c.objc; path = "SKEmitterNode+SKTExtras.m"; sourceTree = "<group>"; };
		0C7D6D7C1A021329005F0380 /* SKNode+SKTDebugDraw.h */ = {isa = PBXFileReference; fileEncoding = 4; lastKnownFileType = sourcecode.c.h; path = "SKNode+SKTDebugDraw.h"; sourceTree = "<group>"; };
		0C7D6D7D1A021329005F0380 /* SKNode+SKTDebugDraw.m */ = {isa = PBXFileReference; fileEncoding = 4; lastKnownFileType = sourcecode.c.objc; path = "SKNode+SKTDebugDraw.m"; sourceTree = "<group>"; };
		0C7D6D7E1A021329005F0380 /* SKNode+SKTExtras.h */ = {isa = PBXFileReference; fileEncoding = 4; lastKnownFileType = sourcecode.c.h; path = "SKNode+SKTExtras.h"; sourceTree = "<group>"; };
		0C7D6D7F1A021329005F0380 /* SKNode+SKTExtras.m */ = {isa = PBXFileReference; fileEncoding = 4; lastKnownFileType = sourcecode.c.objc; path = "SKNode+SKTExtras.m"; sourceTree = "<group>"; };
		0C7D6D801A021329005F0380 /* SKTAudio.h */ = {isa = PBXFileReference; fileEncoding = 4; lastKnownFileType = sourcecode.c.h; path = SKTAudio.h; sourceTree = "<group>"; };
		0C7D6D811A021329005F0380 /* SKTAudio.m */ = {isa = PBXFileReference; fileEncoding = 4; lastKnownFileType = sourcecode.c.objc; path = SKTAudio.m; sourceTree = "<group>"; };
		0C7D6D821A021329005F0380 /* SKTEffects.h */ = {isa = PBXFileReference; fileEncoding = 4; lastKnownFileType = sourcecode.c.h; path = SKTEffects.h; sourceTree = "<group>"; };
		0C7D6D831A021329005F0380 /* SKTEffects.m */ = {isa = PBXFileReference; fileEncoding = 4; lastKnownFileType = sourcecode.c.objc; path = SKTEffects.m; sourceTree = "<group>"; };
		0C7D6D841A021329005F0380 /* SKTTimingFunctions.h */ = {isa = PBXFileReference; fileEncoding = 4; lastKnownFileType = sourcecode.c.h; path = SKTTimingFunctions.h; sourceTree = "<group>"; };
		0C7D6D851A021329005F0380 /* SKTTimingFunctions.m */ = {isa = PBXFileReference; fileEncoding = 4; lastKnownFileType = sourcecode.c.objc; path = SKTTimingFunctions.m; sourceTree = "<group>"; };
		0C7D6D861A021329005F0380 /* SKTUtils.h */ = {isa = PBXFileReference; fileEncoding = 4; lastKnownFileType = sourcecode.c.h; path = SKTUtils.h; sourceTree = "<group>"; };
		0C87AF9D1A25FA730040BDB0 /* UIResultDisk.h */ = {isa = PBXFileReference; fileEncoding = 4; lastKnownFileType = sourcecode.c.h; path = UIResultDisk.h; sourceTree = "<group>"; };
		0C87AF9E1A25FA730040BDB0 /* UIResultDisk.m */ = {isa = PBXFileReference; fileEncoding = 4; lastKnownFileType = sourcecode.c.objc; path = UIResultDisk.m; sourceTree = "<group>"; };
		0C9B83871A1DC33E0093778A /* UIGameStoryboard.storyboard */ = {isa = PBXFileReference; fileEncoding = 4; lastKnownFileType = file.storyboard; path = UIGameStoryboard.storyboard; sourceTree = "<group>"; };
		0CA10E9319E52ED40013382A /* UIPlaygroundGridView.h */ = {isa = PBXFileReference; fileEncoding = 4; lastKnownFileType = sourcecode.c.h; path = UIPlaygroundGridView.h; sourceTree = "<group>"; };
		0CA10E9419E52ED40013382A /* UIPlaygroundGridView.m */ = {isa = PBXFileReference; fileEncoding = 4; lastKnownFileType = sourcecode.c.objc; path = UIPlaygroundGridView.m; sourceTree = "<group>"; };
		0CA10E9619E53E470013382A /* UIArrowView.h */ = {isa = PBXFileReference; fileEncoding = 4; lastKnownFileType = sourcecode.c.h; path = UIArrowView.h; sourceTree = "<group>"; };
		0CA10E9719E53E470013382A /* UIArrowView.m */ = {isa = PBXFileReference; fileEncoding = 4; lastKnownFileType = sourcecode.c.objc; path = UIArrowView.m; sourceTree = "<group>"; };
		0CA10EA219E551D40013382A /* UIColor+Parser.h */ = {isa = PBXFileReference; lastKnownFileType = sourcecode.c.h; path = "UIColor+Parser.h"; sourceTree = "<group>"; };
		0CA10EA319E5520C0013382A /* NSNumber+Math.h */ = {isa = PBXFileReference; fileEncoding = 4; lastKnownFileType = sourcecode.c.h; path = "NSNumber+Math.h"; sourceTree = "<group>"; };
		0CA10EA419E552AE0013382A /* UIBezierPath+Image.h */ = {isa = PBXFileReference; fileEncoding = 4; lastKnownFileType = sourcecode.c.h; path = "UIBezierPath+Image.h"; sourceTree = "<group>"; };
		0CA10EA519E552AE0013382A /* UIBezierPath+Image.m */ = {isa = PBXFileReference; fileEncoding = 4; lastKnownFileType = sourcecode.c.objc; path = "UIBezierPath+Image.m"; sourceTree = "<group>"; };
		0CA10EA719E5536B0013382A /* UIImage+Blending.h */ = {isa = PBXFileReference; fileEncoding = 4; lastKnownFileType = sourcecode.c.h; path = "UIImage+Blending.h"; sourceTree = "<group>"; };
		0CA10EA819E5536B0013382A /* UIImage+Blending.m */ = {isa = PBXFileReference; fileEncoding = 4; lastKnownFileType = sourcecode.c.objc; path = "UIImage+Blending.m"; sourceTree = "<group>"; };
		0CA86E4519DEAE4500512B28 /* Grot.app */ = {isa = PBXFileReference; explicitFileType = wrapper.application; includeInIndex = 0; path = Grot.app; sourceTree = BUILT_PRODUCTS_DIR; };
		0CA86E4919DEAE4500512B28 /* Info.plist */ = {isa = PBXFileReference; lastKnownFileType = text.plist.xml; path = Info.plist; sourceTree = "<group>"; };
		0CA86E4A19DEAE4500512B28 /* main.m */ = {isa = PBXFileReference; lastKnownFileType = sourcecode.c.objc; path = main.m; sourceTree = "<group>"; };
		0CA86E4C19DEAE4500512B28 /* AppDelegate.h */ = {isa = PBXFileReference; lastKnownFileType = sourcecode.c.h; path = AppDelegate.h; sourceTree = "<group>"; };
		0CA86E4D19DEAE4500512B28 /* AppDelegate.m */ = {isa = PBXFileReference; lastKnownFileType = sourcecode.c.objc; path = AppDelegate.m; sourceTree = "<group>"; };
		0CA86E4F19DEAE4500512B28 /* UIPlaygroundGridViewController.h */ = {isa = PBXFileReference; lastKnownFileType = sourcecode.c.h; path = UIPlaygroundGridViewController.h; sourceTree = "<group>"; };
		0CA86E5019DEAE4500512B28 /* UIPlaygroundGridViewController.m */ = {isa = PBXFileReference; lastKnownFileType = sourcecode.c.objc; path = UIPlaygroundGridViewController.m; sourceTree = "<group>"; };
		0CA86E5519DEAE4500512B28 /* Images.xcassets */ = {isa = PBXFileReference; lastKnownFileType = folder.assetcatalog; path = Images.xcassets; sourceTree = "<group>"; };
		0CA86E5819DEAE4500512B28 /* Base */ = {isa = PBXFileReference; lastKnownFileType = file.xib; name = Base; path = Base.lproj/LaunchScreen.xib; sourceTree = "<group>"; };
		0CA86E5E19DEAE4500512B28 /* GrotTests.xctest */ = {isa = PBXFileReference; explicitFileType = wrapper.cfbundle; includeInIndex = 0; path = GrotTests.xctest; sourceTree = BUILT_PRODUCTS_DIR; };
		0CA86E6319DEAE4500512B28 /* Info.plist */ = {isa = PBXFileReference; lastKnownFileType = text.plist.xml; path = Info.plist; sourceTree = "<group>"; };
		0CA86E6419DEAE4500512B28 /* GrotTests.m */ = {isa = PBXFileReference; lastKnownFileType = sourcecode.c.objc; path = GrotTests.m; sourceTree = "<group>"; };
		0CA86E7919DEB41F00512B28 /* SNGrid.h */ = {isa = PBXFileReference; fileEncoding = 4; lastKnownFileType = sourcecode.c.h; path = SNGrid.h; sourceTree = "<group>"; };
		0CA86E7A19DEB41F00512B28 /* SNGrid.m */ = {isa = PBXFileReference; fileEncoding = 4; lastKnownFileType = sourcecode.c.objc; path = SNGrid.m; sourceTree = "<group>"; };
		0CA86E7F19DEB58400512B28 /* SNGameGrid.h */ = {isa = PBXFileReference; fileEncoding = 4; lastKnownFileType = sourcecode.c.h; path = SNGameGrid.h; sourceTree = "<group>"; };
		0CA86E8019DEB58400512B28 /* SNGameGrid.m */ = {isa = PBXFileReference; fileEncoding = 4; lastKnownFileType = sourcecode.c.objc; path = SNGameGrid.m; sourceTree = "<group>"; };
		0CA86E8219DEB5B500512B28 /* SNGameResults.h */ = {isa = PBXFileReference; fileEncoding = 4; lastKnownFileType = sourcecode.c.h; path = SNGameResults.h; sourceTree = "<group>"; };
		0CA86E8319DEB5B500512B28 /* SNGameResults.m */ = {isa = PBXFileReference; fileEncoding = 4; lastKnownFileType = sourcecode.c.objc; path = SNGameResults.m; sourceTree = "<group>"; };
		0CA86E8519DEB5C600512B28 /* SNGameState.h */ = {isa = PBXFileReference; fileEncoding = 4; lastKnownFileType = sourcecode.c.h; path = SNGameState.h; sourceTree = "<group>"; };
		0CA86E8619DEB5C600512B28 /* SNGameState.m */ = {isa = PBXFileReference; fileEncoding = 4; lastKnownFileType = sourcecode.c.objc; path = SNGameState.m; sourceTree = "<group>"; };
		0CA86E8B19DEB75600512B28 /* SNPair.h */ = {isa = PBXFileReference; fileEncoding = 4; lastKnownFileType = sourcecode.c.h; path = SNPair.h; sourceTree = "<group>"; };
		0CA86E8C19DEB82F00512B28 /* SNArrowField.h */ = {isa = PBXFileReference; fileEncoding = 4; lastKnownFileType = sourcecode.c.h; path = SNArrowField.h; sourceTree = "<group>"; };
		0CA86E8D19DEB82F00512B28 /* SNArrowField.m */ = {isa = PBXFileReference; fileEncoding = 4; lastKnownFileType = sourcecode.c.objc; path = SNArrowField.m; sourceTree = "<group>"; };
		0CDB57311A1B5DEC005741D1 /* UIFloatingMenuController.h */ = {isa = PBXFileReference; fileEncoding = 4; lastKnownFileType = sourcecode.c.h; path = UIFloatingMenuController.h; sourceTree = "<group>"; };
		0CDB57321A1B5DEC005741D1 /* UIFloatingMenuController.m */ = {isa = PBXFileReference; fileEncoding = 4; lastKnownFileType = sourcecode.c.objc; path = UIFloatingMenuController.m; sourceTree = "<group>"; };
		0CDB57341A1B8447005741D1 /* UIFloatingHelpController.h */ = {isa = PBXFileReference; fileEncoding = 4; lastKnownFileType = sourcecode.c.h; path = UIFloatingHelpController.h; sourceTree = "<group>"; };
		0CDB57351A1B8447005741D1 /* UIFloatingHelpController.m */ = {isa = PBXFileReference; fileEncoding = 4; lastKnownFileType = sourcecode.c.objc; path = UIFloatingHelpController.m; sourceTree = "<group>"; };
		0CDB573A1A1B8820005741D1 /* UIView+RoundedEdges.h */ = {isa = PBXFileReference; fileEncoding = 4; lastKnownFileType = sourcecode.c.h; path = "UIView+RoundedEdges.h"; sourceTree = "<group>"; };
		0CDB573B1A1B8820005741D1 /* UIView+RoundedEdges.m */ = {isa = PBXFileReference; fileEncoding = 4; lastKnownFileType = sourcecode.c.objc; path = "UIView+RoundedEdges.m"; sourceTree = "<group>"; };
		0CDB573D1A1B8D7D005741D1 /* UIFieldBadge.h */ = {isa = PBXFileReference; fileEncoding = 4; lastKnownFileType = sourcecode.c.h; path = UIFieldBadge.h; sourceTree = "<group>"; };
		0CDB573E1A1B8D7D005741D1 /* UIFieldBadge.m */ = {isa = PBXFileReference; fileEncoding = 4; lastKnownFileType = sourcecode.c.objc; path = UIFieldBadge.m; sourceTree = "<group>"; };
		0CE0DED71A1391CC0005741D /* PrefixMacros.h */ = {isa = PBXFileReference; lastKnownFileType = sourcecode.c.h; path = PrefixMacros.h; sourceTree = "<group>"; };
		0CF8A7CC19E6A0400039A26E /* UIGameViewController.h */ = {isa = PBXFileReference; fileEncoding = 4; lastKnownFileType = sourcecode.c.h; path = UIGameViewController.h; sourceTree = "<group>"; };
		0CF8A7CD19E6A0400039A26E /* UIGameViewController.m */ = {isa = PBXFileReference; fileEncoding = 4; lastKnownFileType = sourcecode.c.objc; path = UIGameViewController.m; sourceTree = "<group>"; };
		26431CB8635F3D07074843FD /* Pods.debug.xcconfig */ = {isa = PBXFileReference; includeInIndex = 1; lastKnownFileType = text.xcconfig; name = Pods.debug.xcconfig; path = "Pods/Target Support Files/Pods/Pods.debug.xcconfig"; sourceTree = "<group>"; };
		BB9387D76AF02D852E8F9D75 /* libPods.a */ = {isa = PBXFileReference; explicitFileType = archive.ar; includeInIndex = 0; path = libPods.a; sourceTree = BUILT_PRODUCTS_DIR; };
		E79DF10930B00D3E021F1BF9 /* Pods.release.xcconfig */ = {isa = PBXFileReference; includeInIndex = 1; lastKnownFileType = text.xcconfig; name = Pods.release.xcconfig; path = "Pods/Target Support Files/Pods/Pods.release.xcconfig"; sourceTree = "<group>"; };
/* End PBXFileReference section */

/* Begin PBXFrameworksBuildPhase section */
		0CA86E4219DEAE4500512B28 /* Frameworks */ = {
			isa = PBXFrameworksBuildPhase;
			buildActionMask = 2147483647;
			files = (
				43A964091C6A5A92B6FFF80E /* libPods.a in Frameworks */,
			);
			runOnlyForDeploymentPostprocessing = 0;
		};
		0CA86E5B19DEAE4500512B28 /* Frameworks */ = {
			isa = PBXFrameworksBuildPhase;
			buildActionMask = 2147483647;
			files = (
			);
			runOnlyForDeploymentPostprocessing = 0;
		};
/* End PBXFrameworksBuildPhase section */

/* Begin PBXGroup section */
		0C0C1BD11A0790C600AF3356 /* Playground */ = {
			isa = PBXGroup;
			children = (
				0CA86E8B19DEB75600512B28 /* SNPair.h */,
				0CA86E7919DEB41F00512B28 /* SNGrid.h */,
				0CA86E7A19DEB41F00512B28 /* SNGrid.m */,
				0CA86E8C19DEB82F00512B28 /* SNArrowField.h */,
				0CA86E8D19DEB82F00512B28 /* SNArrowField.m */,
				0CA86E7F19DEB58400512B28 /* SNGameGrid.h */,
				0CA86E8019DEB58400512B28 /* SNGameGrid.m */,
				0CA86E8219DEB5B500512B28 /* SNGameResults.h */,
				0CA86E8319DEB5B500512B28 /* SNGameResults.m */,
				0CA86E8519DEB5C600512B28 /* SNGameState.h */,
				0CA86E8619DEB5C600512B28 /* SNGameState.m */,
				0C1C3B0519E3DEF8001DD3AB /* SNGameState+Hints.h */,
				0C1C3B0619E3DEF8001DD3AB /* SNGameState+Hints.m */,
				0C6FFDCF19EE568700485ACB /* SNFieldReaction.h */,
				0C6FFDD019EE568700485ACB /* SNFieldReaction.m */,
				0C6FFDD519EE693800485ACB /* SNFieldTransition.h */,
				0C6FFDD619EE693800485ACB /* SNFieldTransition.m */,
			);
			name = Playground;
			sourceTree = "<group>";
		};
		0C1C3B0B19E3E086001DD3AB /* Helpers */ = {
			isa = PBXGroup;
			children = (
				0C1C3B0819E3E082001DD3AB /* NSDictionary+Aggregation.h */,
				0C1C3B0919E3E082001DD3AB /* NSDictionary+Aggregation.m */,
			);
			name = Helpers;
			sourceTree = "<group>";
		};
		0C21768F1A289AD80077B3BE /* Managers */ = {
			isa = PBXGroup;
			children = (
				0C21769A1A28B8C80077B3BE /* Helpers */,
				0C2176901A289AFB0077B3BE /* NSGameCenterManager.h */,
				0C2176911A289AFB0077B3BE /* NSGameCenterManager.m */,
				0C2176931A28A2D40077B3BE /* GameCenter.plist */,
				0C2A71961A28C2460059F9E5 /* NSHighScoreManager.h */,
				0C2A71971A28C2460059F9E5 /* NSHighScoreManager.m */,
			);
			name = Managers;
			sourceTree = "<group>";
		};
		0C21769A1A28B8C80077B3BE /* Helpers */ = {
			isa = PBXGroup;
			children = (
				0C21769B1A28B8E10077B3BE /* NSObject+SafeBlocks.h */,
				0C21769C1A28B8E10077B3BE /* NSObject+SafeBlocks.m */,
			);
			name = Helpers;
			sourceTree = "<group>";
		};
		0C24142E1A0CBBD900947A1E /* Floating menu */ = {
			isa = PBXGroup;
			children = (
				0C2414321A0CBC3F00947A1E /* UIMenuButton.h */,
				0C2414331A0CBC3F00947A1E /* UIMenuButton.m */,
				0C4C39C21A132F7200831031 /* UILabelExt.h */,
				0C4C39C31A132F7200831031 /* UILabelExt.m */,
				0CDB573D1A1B8D7D005741D1 /* UIFieldBadge.h */,
				0CDB573E1A1B8D7D005741D1 /* UIFieldBadge.m */,
				0C87AF9D1A25FA730040BDB0 /* UIResultDisk.h */,
				0C87AF9E1A25FA730040BDB0 /* UIResultDisk.m */,
			);
			name = "Floating menu";
			sourceTree = "<group>";
		};
		0C31EF451A08B1A5002A52B2 /* Counter */ = {
			isa = PBXGroup;
			children = (
				0C31EF4D1A08B239002A52B2 /* UICounterLabel.h */,
				0C31EF4E1A08B239002A52B2 /* UICounterLabel.m */,
			);
			name = Counter;
			sourceTree = "<group>";
		};
		0C31EF461A08B1AF002A52B2 /* Counter */ = {
			isa = PBXGroup;
			children = (
				0C31EF471A08B1DC002A52B2 /* SNCounterLabelLayout.h */,
				0C31EF481A08B1DC002A52B2 /* SNCounterLabelLayout.m */,
				0C31EF4A1A08B1FD002A52B2 /* SNCounterLabelState.h */,
				0C31EF4B1A08B1FD002A52B2 /* SNCounterLabelState.m */,
			);
			name = Counter;
			sourceTree = "<group>";
		};
		0C31EF501A08B2D0002A52B2 /* RSTimingFunction */ = {
			isa = PBXGroup;
			children = (
				0C31EF511A08B2E5002A52B2 /* RSTimingFunction.h */,
				0C31EF521A08B2E5002A52B2 /* RSTimingFunction.m */,
			);
			name = RSTimingFunction;
			sourceTree = "<group>";
		};
		0C31EF541A08B5F4002A52B2 /* Floating menu */ = {
			isa = PBXGroup;
			children = (
				0C31EF551A08B613002A52B2 /* UIFloatingController.h */,
				0C31EF561A08B613002A52B2 /* UIFloatingController.m */,
				0CDB57311A1B5DEC005741D1 /* UIFloatingMenuController.h */,
				0CDB57321A1B5DEC005741D1 /* UIFloatingMenuController.m */,
				0CDB57341A1B8447005741D1 /* UIFloatingHelpController.h */,
				0CDB57351A1B8447005741D1 /* UIFloatingHelpController.m */,
				0C7A48291A1F494D003B186C /* UIFloatingResultController.h */,
				0C7A482A1A1F494D003B186C /* UIFloatingResultController.m */,
			);
			name = "Floating menu";
			sourceTree = "<group>";
		};
		0C31EF5D1A08D78D002A52B2 /* Fonts */ = {
			isa = PBXGroup;
			children = (
				0C31EF681A08D8D5002A52B2 /* Lato-Black.ttf */,
				0C31EF691A08D8D5002A52B2 /* Lato-Bold.ttf */,
				0C31EF6A1A08D8D5002A52B2 /* Lato-Light.ttf */,
				0C31EF6B1A08D8D5002A52B2 /* Lato-Regular.ttf */,
				0C31EF6C1A08D8D5002A52B2 /* Lato-Thin.ttf */,
			);
			name = Fonts;
			sourceTree = "<group>";
		};
		0C52D79D1A076E9E00FE64CC /* Storyboards */ = {
			isa = PBXGroup;
			children = (
				0C31EF441A08B047002A52B2 /* UIGameStoryboard.h */,
				0C9B83871A1DC33E0093778A /* UIGameStoryboard.storyboard */,
			);
			name = Storyboards;
			sourceTree = "<group>";
		};
		0C52D79E1A07712400FE64CC /* Playground */ = {
			isa = PBXGroup;
			children = (
				0CA10E9619E53E470013382A /* UIArrowView.h */,
				0CA10E9719E53E470013382A /* UIArrowView.m */,
				0CA10E9319E52ED40013382A /* UIPlaygroundGridView.h */,
				0CA10E9419E52ED40013382A /* UIPlaygroundGridView.m */,
				0C69111C19EFAC310011C6A6 /* UIPlaygroundGridView+Animations.h */,
				0C69111D19EFAC310011C6A6 /* UIPlaygroundGridView+Animations.m */,
			);
			name = Playground;
			sourceTree = "<group>";
		};
		0C52D79F1A07713B00FE64CC /* Application */ = {
			isa = PBXGroup;
			children = (
				0CA86E4C19DEAE4500512B28 /* AppDelegate.h */,
				0CA86E4D19DEAE4500512B28 /* AppDelegate.m */,
			);
			name = Application;
			sourceTree = "<group>";
		};
		0C52D7A01A07716100FE64CC /* Playground */ = {
			isa = PBXGroup;
			children = (
				0CA86E4F19DEAE4500512B28 /* UIPlaygroundGridViewController.h */,
				0CA86E5019DEAE4500512B28 /* UIPlaygroundGridViewController.m */,
			);
			name = Playground;
			sourceTree = "<group>";
		};
		0C52D7A11A07726500FE64CC /* Main */ = {
			isa = PBXGroup;
			children = (
				0CF8A7CC19E6A0400039A26E /* UIGameViewController.h */,
				0CF8A7CD19E6A0400039A26E /* UIGameViewController.m */,
			);
			name = Main;
			sourceTree = "<group>";
		};
		0C6FFD6119ECFF4C00485ACB /* Frameworks */ = {
			isa = PBXGroup;
			children = (
				0C31EF501A08B2D0002A52B2 /* RSTimingFunction */,
				0C7D6D751A02131C005F0380 /* SKTUtils */,
				BB9387D76AF02D852E8F9D75 /* libPods.a */,
			);
			name = Frameworks;
			sourceTree = "<group>";
		};
		0C7D6D751A02131C005F0380 /* SKTUtils */ = {
			isa = PBXGroup;
			children = (
				0C7D6D761A021329005F0380 /* SKAction+SKTExtras.h */,
				0C7D6D771A021329005F0380 /* SKAction+SKTExtras.m */,
				0C7D6D781A021329005F0380 /* SKAction+SKTSpecialEffects.h */,
				0C7D6D791A021329005F0380 /* SKAction+SKTSpecialEffects.m */,
				0C7D6D7A1A021329005F0380 /* SKEmitterNode+SKTExtras.h */,
				0C7D6D7B1A021329005F0380 /* SKEmitterNode+SKTExtras.m */,
				0C7D6D7C1A021329005F0380 /* SKNode+SKTDebugDraw.h */,
				0C7D6D7D1A021329005F0380 /* SKNode+SKTDebugDraw.m */,
				0C7D6D7E1A021329005F0380 /* SKNode+SKTExtras.h */,
				0C7D6D7F1A021329005F0380 /* SKNode+SKTExtras.m */,
				0C7D6D801A021329005F0380 /* SKTAudio.h */,
				0C7D6D811A021329005F0380 /* SKTAudio.m */,
				0C7D6D821A021329005F0380 /* SKTEffects.h */,
				0C7D6D831A021329005F0380 /* SKTEffects.m */,
				0C7D6D841A021329005F0380 /* SKTTimingFunctions.h */,
				0C7D6D851A021329005F0380 /* SKTTimingFunctions.m */,
				0C7D6D861A021329005F0380 /* SKTUtils.h */,
			);
			name = SKTUtils;
			sourceTree = "<group>";
		};
		0CA10E9919E549160013382A /* Helpers */ = {
			isa = PBXGroup;
			children = (
				0CA10EA219E551D40013382A /* UIColor+Parser.h */,
				0CA10EA319E5520C0013382A /* NSNumber+Math.h */,
				0CA10EA419E552AE0013382A /* UIBezierPath+Image.h */,
				0CA10EA519E552AE0013382A /* UIBezierPath+Image.m */,
				0CA10EA719E5536B0013382A /* UIImage+Blending.h */,
				0CA10EA819E5536B0013382A /* UIImage+Blending.m */,
				0C6FFD9419ED229000485ACB /* SpringMath.h */,
				0C6FFD9319ED229000485ACB /* SpringMath.c */,
				0C6FFD9619ED23B500485ACB /* SKAction+Spring.h */,
				0C6FFD9719ED23B500485ACB /* SKAction+Spring.m */,
				0C6FFDCC19ED4D2100485ACB /* CGPoint+Distance.h */,
				0C24143E1A0CFE6500947A1E /* UIFont+AutoSize.h */,
				0C24143F1A0CFE6500947A1E /* UIFont+AutoSize.m */,
				0CDB573A1A1B8820005741D1 /* UIView+RoundedEdges.h */,
				0CDB573B1A1B8820005741D1 /* UIView+RoundedEdges.m */,
			);
			name = Helpers;
			sourceTree = "<group>";
		};
		0CA86E3C19DEAE4500512B28 = {
			isa = PBXGroup;
			children = (
				0CA86E4719DEAE4500512B28 /* Grot */,
				0CA86E6119DEAE4500512B28 /* GrotTests */,
				0C6FFD6119ECFF4C00485ACB /* Frameworks */,
				0CA86E4619DEAE4500512B28 /* Products */,
				308A6B16E043204174A80CF4 /* Pods */,
			);
			sourceTree = "<group>";
		};
		0CA86E4619DEAE4500512B28 /* Products */ = {
			isa = PBXGroup;
			children = (
				0CA86E4519DEAE4500512B28 /* Grot.app */,
				0CA86E5E19DEAE4500512B28 /* GrotTests.xctest */,
			);
			name = Products;
			sourceTree = "<group>";
		};
		0CA86E4719DEAE4500512B28 /* Grot */ = {
			isa = PBXGroup;
			children = (
				0C21768F1A289AD80077B3BE /* Managers */,
				0C52D79F1A07713B00FE64CC /* Application */,
				0C52D79D1A076E9E00FE64CC /* Storyboards */,
				0CF8A7C719E695B70039A26E /* View controllers */,
				0CA86E7119DEB00700512B28 /* Views */,
				0CA86E7219DEB00D00512B28 /* Models */,
				0CA86E4819DEAE4500512B28 /* Supporting Files */,
			);
			path = Grot;
			sourceTree = "<group>";
		};
		0CA86E4819DEAE4500512B28 /* Supporting Files */ = {
			isa = PBXGroup;
			children = (
				0C31EF5D1A08D78D002A52B2 /* Fonts */,
				0CA86E5719DEAE4500512B28 /* LaunchScreen.xib */,
				0CA86E5519DEAE4500512B28 /* Images.xcassets */,
				0CA86E4919DEAE4500512B28 /* Info.plist */,
				0CA86E4A19DEAE4500512B28 /* main.m */,
				0C0C1BE01A07987D00AF3356 /* Prefix.pch */,
				0CE0DED71A1391CC0005741D /* PrefixMacros.h */,
			);
			name = "Supporting Files";
			sourceTree = "<group>";
		};
		0CA86E6119DEAE4500512B28 /* GrotTests */ = {
			isa = PBXGroup;
			children = (
				0CA86E6419DEAE4500512B28 /* GrotTests.m */,
				0CA86E6219DEAE4500512B28 /* Supporting Files */,
			);
			path = GrotTests;
			sourceTree = "<group>";
		};
		0CA86E6219DEAE4500512B28 /* Supporting Files */ = {
			isa = PBXGroup;
			children = (
				0CA86E6319DEAE4500512B28 /* Info.plist */,
			);
			name = "Supporting Files";
			sourceTree = "<group>";
		};
		0CA86E7119DEB00700512B28 /* Views */ = {
			isa = PBXGroup;
			children = (
				0CA10E9919E549160013382A /* Helpers */,
				0C52D79E1A07712400FE64CC /* Playground */,
				0C31EF451A08B1A5002A52B2 /* Counter */,
				0C24142E1A0CBBD900947A1E /* Floating menu */,
			);
			name = Views;
			sourceTree = "<group>";
		};
		0CA86E7219DEB00D00512B28 /* Models */ = {
			isa = PBXGroup;
			children = (
				0C1C3B0B19E3E086001DD3AB /* Helpers */,
				0C0C1BD11A0790C600AF3356 /* Playground */,
				0C31EF461A08B1AF002A52B2 /* Counter */,
			);
			name = Models;
			sourceTree = "<group>";
		};
		0CF8A7C719E695B70039A26E /* View controllers */ = {
			isa = PBXGroup;
			children = (
				0C52D7A11A07726500FE64CC /* Main */,
				0C52D7A01A07716100FE64CC /* Playground */,
				0C31EF541A08B5F4002A52B2 /* Floating menu */,
			);
			name = "View controllers";
			sourceTree = "<group>";
		};
		308A6B16E043204174A80CF4 /* Pods */ = {
			isa = PBXGroup;
			children = (
				26431CB8635F3D07074843FD /* Pods.debug.xcconfig */,
				E79DF10930B00D3E021F1BF9 /* Pods.release.xcconfig */,
			);
			name = Pods;
			sourceTree = "<group>";
		};
/* End PBXGroup section */

/* Begin PBXNativeTarget section */
		0CA86E4419DEAE4500512B28 /* Grot */ = {
			isa = PBXNativeTarget;
			buildConfigurationList = 0CA86E6819DEAE4500512B28 /* Build configuration list for PBXNativeTarget "Grot" */;
			buildPhases = (
				F841FAAF46DC15C091EC0AC4 /* Check Pods Manifest.lock */,
				0CA86E4119DEAE4500512B28 /* Sources */,
				0CA86E4219DEAE4500512B28 /* Frameworks */,
				0CA86E4319DEAE4500512B28 /* Resources */,
				08EAA7C245E95AD9371BD44F /* Copy Pods Resources */,
			);
			buildRules = (
			);
			dependencies = (
			);
			name = Grot;
			productName = Grot;
			productReference = 0CA86E4519DEAE4500512B28 /* Grot.app */;
			productType = "com.apple.product-type.application";
		};
		0CA86E5D19DEAE4500512B28 /* GrotTests */ = {
			isa = PBXNativeTarget;
			buildConfigurationList = 0CA86E6B19DEAE4500512B28 /* Build configuration list for PBXNativeTarget "GrotTests" */;
			buildPhases = (
				0CA86E5A19DEAE4500512B28 /* Sources */,
				0CA86E5B19DEAE4500512B28 /* Frameworks */,
				0CA86E5C19DEAE4500512B28 /* Resources */,
			);
			buildRules = (
			);
			dependencies = (
				0CA86E6019DEAE4500512B28 /* PBXTargetDependency */,
			);
			name = GrotTests;
			productName = GrotTests;
			productReference = 0CA86E5E19DEAE4500512B28 /* GrotTests.xctest */;
			productType = "com.apple.product-type.bundle.unit-test";
		};
/* End PBXNativeTarget section */

/* Begin PBXProject section */
		0CA86E3D19DEAE4500512B28 /* Project object */ = {
			isa = PBXProject;
			attributes = {
				LastUpgradeCheck = 0600;
				ORGANIZATIONNAME = "STX Next";
				TargetAttributes = {
					0CA86E4419DEAE4500512B28 = {
						CreatedOnToolsVersion = 6.0.1;
						DevelopmentTeam = B7EKJ66X5Q;
					};
					0CA86E5D19DEAE4500512B28 = {
						CreatedOnToolsVersion = 6.0.1;
						TestTargetID = 0CA86E4419DEAE4500512B28;
					};
				};
			};
			buildConfigurationList = 0CA86E4019DEAE4500512B28 /* Build configuration list for PBXProject "Grot" */;
			compatibilityVersion = "Xcode 3.2";
			developmentRegion = English;
			hasScannedForEncodings = 0;
			knownRegions = (
				en,
				Base,
			);
			mainGroup = 0CA86E3C19DEAE4500512B28;
			productRefGroup = 0CA86E4619DEAE4500512B28 /* Products */;
			projectDirPath = "";
			projectRoot = "";
			targets = (
				0CA86E4419DEAE4500512B28 /* Grot */,
				0CA86E5D19DEAE4500512B28 /* GrotTests */,
			);
		};
/* End PBXProject section */

/* Begin PBXResourcesBuildPhase section */
		0CA86E4319DEAE4500512B28 /* Resources */ = {
			isa = PBXResourcesBuildPhase;
			buildActionMask = 2147483647;
			files = (
				0CA86E5919DEAE4500512B28 /* LaunchScreen.xib in Resources */,
				0C2176941A28A2D40077B3BE /* GameCenter.plist in Resources */,
				0C31EF711A08D8D5002A52B2 /* Lato-Thin.ttf in Resources */,
				0C31EF6E1A08D8D5002A52B2 /* Lato-Bold.ttf in Resources */,
				0C9B83881A1DC33E0093778A /* UIGameStoryboard.storyboard in Resources */,
				0C31EF701A08D8D5002A52B2 /* Lato-Regular.ttf in Resources */,
				0CA86E5619DEAE4500512B28 /* Images.xcassets in Resources */,
				0C31EF6D1A08D8D5002A52B2 /* Lato-Black.ttf in Resources */,
				0C31EF6F1A08D8D5002A52B2 /* Lato-Light.ttf in Resources */,
			);
			runOnlyForDeploymentPostprocessing = 0;
		};
		0CA86E5C19DEAE4500512B28 /* Resources */ = {
			isa = PBXResourcesBuildPhase;
			buildActionMask = 2147483647;
			files = (
			);
			runOnlyForDeploymentPostprocessing = 0;
		};
/* End PBXResourcesBuildPhase section */

/* Begin PBXShellScriptBuildPhase section */
		08EAA7C245E95AD9371BD44F /* Copy Pods Resources */ = {
			isa = PBXShellScriptBuildPhase;
			buildActionMask = 2147483647;
			files = (
			);
			inputPaths = (
			);
			name = "Copy Pods Resources";
			outputPaths = (
			);
			runOnlyForDeploymentPostprocessing = 0;
			shellPath = /bin/sh;
			shellScript = "\"${SRCROOT}/Pods/Target Support Files/Pods/Pods-resources.sh\"\n";
			showEnvVarsInLog = 0;
		};
		F841FAAF46DC15C091EC0AC4 /* Check Pods Manifest.lock */ = {
			isa = PBXShellScriptBuildPhase;
			buildActionMask = 2147483647;
			files = (
			);
			inputPaths = (
			);
			name = "Check Pods Manifest.lock";
			outputPaths = (
			);
			runOnlyForDeploymentPostprocessing = 0;
			shellPath = /bin/sh;
			shellScript = "diff \"${PODS_ROOT}/../Podfile.lock\" \"${PODS_ROOT}/Manifest.lock\" > /dev/null\nif [[ $? != 0 ]] ; then\n    cat << EOM\nerror: The sandbox is not in sync with the Podfile.lock. Run 'pod install' or update your CocoaPods installation.\nEOM\n    exit 1\nfi\n";
			showEnvVarsInLog = 0;
		};
/* End PBXShellScriptBuildPhase section */

/* Begin PBXSourcesBuildPhase section */
		0CA86E4119DEAE4500512B28 /* Sources */ = {
			isa = PBXSourcesBuildPhase;
			buildActionMask = 2147483647;
			files = (
				0C31EF531A08B2E5002A52B2 /* RSTimingFunction.m in Sources */,
				0C2176921A289AFB0077B3BE /* NSGameCenterManager.m in Sources */,
				0C31EF4C1A08B1FD002A52B2 /* SNCounterLabelState.m in Sources */,
				0C4C39C41A132F7200831031 /* UILabelExt.m in Sources */,
				0C7D6D891A021329005F0380 /* SKEmitterNode+SKTExtras.m in Sources */,
				0CA86E8119DEB58400512B28 /* SNGameGrid.m in Sources */,
				0C7D6D8E1A021329005F0380 /* SKTTimingFunctions.m in Sources */,
				0C6FFDD719EE693800485ACB /* SNFieldTransition.m in Sources */,
				0C69111E19EFAC310011C6A6 /* UIPlaygroundGridView+Animations.m in Sources */,
				0C7D6D871A021329005F0380 /* SKAction+SKTExtras.m in Sources */,
				0C2414341A0CBC3F00947A1E /* UIMenuButton.m in Sources */,
				0CA86E5119DEAE4500512B28 /* UIPlaygroundGridViewController.m in Sources */,
				0C31EF4F1A08B239002A52B2 /* UICounterLabel.m in Sources */,
				0C2A71981A28C2460059F9E5 /* NSHighScoreManager.m in Sources */,
				0CDB57361A1B8447005741D1 /* UIFloatingHelpController.m in Sources */,
				0C7D6D8A1A021329005F0380 /* SKNode+SKTDebugDraw.m in Sources */,
				0C7D6D881A021329005F0380 /* SKAction+SKTSpecialEffects.m in Sources */,
				0CDB57331A1B5DEC005741D1 /* UIFloatingMenuController.m in Sources */,
				0C7A482B1A1F494D003B186C /* UIFloatingResultController.m in Sources */,
				0CA86E8719DEB5C600512B28 /* SNGameState.m in Sources */,
				0C31EF491A08B1DC002A52B2 /* SNCounterLabelLayout.m in Sources */,
				0C7D6D8B1A021329005F0380 /* SKNode+SKTExtras.m in Sources */,
				0C6FFD9519ED229000485ACB /* SpringMath.c in Sources */,
				0CA10E9519E52ED40013382A /* UIPlaygroundGridView.m in Sources */,
				0CA10E9819E53E470013382A /* UIArrowView.m in Sources */,
				0C21769D1A28B8E10077B3BE /* NSObject+SafeBlocks.m in Sources */,
				0C87AF9F1A25FA730040BDB0 /* UIResultDisk.m in Sources */,
				0C1C3B0A19E3E082001DD3AB /* NSDictionary+Aggregation.m in Sources */,
				0CA86E7B19DEB41F00512B28 /* SNGrid.m in Sources */,
				0CF8A7CE19E6A0400039A26E /* UIGameViewController.m in Sources */,
				0CA86E4E19DEAE4500512B28 /* AppDelegate.m in Sources */,
				0CDB573F1A1B8D7D005741D1 /* UIFieldBadge.m in Sources */,
				0C6FFD9819ED23B500485ACB /* SKAction+Spring.m in Sources */,
				0C31EF5A1A08B613002A52B2 /* UIFloatingController.m in Sources */,
				0CA10EA619E552AE0013382A /* UIBezierPath+Image.m in Sources */,
				0CA86E4B19DEAE4500512B28 /* main.m in Sources */,
				0CA10EA919E5536B0013382A /* UIImage+Blending.m in Sources */,
				0C7D6D8C1A021329005F0380 /* SKTAudio.m in Sources */,
				0CA86E8E19DEB82F00512B28 /* SNArrowField.m in Sources */,
				0C7D6D8D1A021329005F0380 /* SKTEffects.m in Sources */,
				0C2414401A0CFE6500947A1E /* UIFont+AutoSize.m in Sources */,
				0C6FFDD119EE568700485ACB /* SNFieldReaction.m in Sources */,
				0CDB573C1A1B8820005741D1 /* UIView+RoundedEdges.m in Sources */,
				0C1C3B0719E3DEF8001DD3AB /* SNGameState+Hints.m in Sources */,
				0CA86E8419DEB5B500512B28 /* SNGameResults.m in Sources */,
			);
			runOnlyForDeploymentPostprocessing = 0;
		};
		0CA86E5A19DEAE4500512B28 /* Sources */ = {
			isa = PBXSourcesBuildPhase;
			buildActionMask = 2147483647;
			files = (
				0CA86E6519DEAE4500512B28 /* GrotTests.m in Sources */,
			);
			runOnlyForDeploymentPostprocessing = 0;
		};
/* End PBXSourcesBuildPhase section */

/* Begin PBXTargetDependency section */
		0CA86E6019DEAE4500512B28 /* PBXTargetDependency */ = {
			isa = PBXTargetDependency;
			target = 0CA86E4419DEAE4500512B28 /* Grot */;
			targetProxy = 0CA86E5F19DEAE4500512B28 /* PBXContainerItemProxy */;
		};
/* End PBXTargetDependency section */

/* Begin PBXVariantGroup section */
		0CA86E5719DEAE4500512B28 /* LaunchScreen.xib */ = {
			isa = PBXVariantGroup;
			children = (
				0CA86E5819DEAE4500512B28 /* Base */,
			);
			name = LaunchScreen.xib;
			sourceTree = "<group>";
		};
/* End PBXVariantGroup section */

/* Begin XCBuildConfiguration section */
		0CA86E6619DEAE4500512B28 /* Debug */ = {
			isa = XCBuildConfiguration;
			buildSettings = {
				ALWAYS_SEARCH_USER_PATHS = NO;
				CLANG_CXX_LANGUAGE_STANDARD = "gnu++0x";
				CLANG_CXX_LIBRARY = "libc++";
				CLANG_ENABLE_MODULES = YES;
				CLANG_ENABLE_OBJC_ARC = YES;
				CLANG_WARN_BOOL_CONVERSION = YES;
				CLANG_WARN_CONSTANT_CONVERSION = YES;
				CLANG_WARN_DIRECT_OBJC_ISA_USAGE = YES_ERROR;
				CLANG_WARN_EMPTY_BODY = YES;
				CLANG_WARN_ENUM_CONVERSION = YES;
				CLANG_WARN_INT_CONVERSION = YES;
				CLANG_WARN_OBJC_ROOT_CLASS = YES_ERROR;
				CLANG_WARN_UNREACHABLE_CODE = YES;
				CLANG_WARN__DUPLICATE_METHOD_MATCH = YES;
				"CODE_SIGN_IDENTITY[sdk=iphoneos*]" = "iPhone Developer";
				COPY_PHASE_STRIP = NO;
				ENABLE_STRICT_OBJC_MSGSEND = YES;
				GCC_C_LANGUAGE_STANDARD = gnu99;
				GCC_DYNAMIC_NO_PIC = NO;
				GCC_OPTIMIZATION_LEVEL = 0;
				GCC_PREPROCESSOR_DEFINITIONS = (
					"DEBUG=1",
					"$(inherited)",
				);
				GCC_SYMBOLS_PRIVATE_EXTERN = NO;
				GCC_WARN_64_TO_32_BIT_CONVERSION = YES;
				GCC_WARN_ABOUT_RETURN_TYPE = YES_ERROR;
				GCC_WARN_UNDECLARED_SELECTOR = YES;
				GCC_WARN_UNINITIALIZED_AUTOS = YES_AGGRESSIVE;
				GCC_WARN_UNUSED_FUNCTION = YES;
				GCC_WARN_UNUSED_VARIABLE = YES;
				IPHONEOS_DEPLOYMENT_TARGET = 8.0;
				MTL_ENABLE_DEBUG_INFO = YES;
				ONLY_ACTIVE_ARCH = YES;
				SDKROOT = iphoneos;
				TARGETED_DEVICE_FAMILY = "1,2";
			};
			name = Debug;
		};
		0CA86E6719DEAE4500512B28 /* Release */ = {
			isa = XCBuildConfiguration;
			buildSettings = {
				ALWAYS_SEARCH_USER_PATHS = NO;
				CLANG_CXX_LANGUAGE_STANDARD = "gnu++0x";
				CLANG_CXX_LIBRARY = "libc++";
				CLANG_ENABLE_MODULES = YES;
				CLANG_ENABLE_OBJC_ARC = YES;
				CLANG_WARN_BOOL_CONVERSION = YES;
				CLANG_WARN_CONSTANT_CONVERSION = YES;
				CLANG_WARN_DIRECT_OBJC_ISA_USAGE = YES_ERROR;
				CLANG_WARN_EMPTY_BODY = YES;
				CLANG_WARN_ENUM_CONVERSION = YES;
				CLANG_WARN_INT_CONVERSION = YES;
				CLANG_WARN_OBJC_ROOT_CLASS = YES_ERROR;
				CLANG_WARN_UNREACHABLE_CODE = YES;
				CLANG_WARN__DUPLICATE_METHOD_MATCH = YES;
				"CODE_SIGN_IDENTITY[sdk=iphoneos*]" = "iPhone Developer";
				COPY_PHASE_STRIP = YES;
				ENABLE_NS_ASSERTIONS = NO;
				ENABLE_STRICT_OBJC_MSGSEND = YES;
				GCC_C_LANGUAGE_STANDARD = gnu99;
				GCC_WARN_64_TO_32_BIT_CONVERSION = YES;
				GCC_WARN_ABOUT_RETURN_TYPE = YES_ERROR;
				GCC_WARN_UNDECLARED_SELECTOR = YES;
				GCC_WARN_UNINITIALIZED_AUTOS = YES_AGGRESSIVE;
				GCC_WARN_UNUSED_FUNCTION = YES;
				GCC_WARN_UNUSED_VARIABLE = YES;
				IPHONEOS_DEPLOYMENT_TARGET = 8.0;
				MTL_ENABLE_DEBUG_INFO = NO;
				SDKROOT = iphoneos;
				TARGETED_DEVICE_FAMILY = "1,2";
				VALIDATE_PRODUCT = YES;
			};
			name = Release;
		};
		0CA86E6919DEAE4500512B28 /* Debug */ = {
			isa = XCBuildConfiguration;
			baseConfigurationReference = 26431CB8635F3D07074843FD /* Pods.debug.xcconfig */;
			buildSettings = {
				ASSETCATALOG_COMPILER_APPICON_NAME = AppIcon;
				ASSETCATALOG_COMPILER_LAUNCHIMAGE_NAME = LaunchImage;
				CODE_SIGN_IDENTITY = "iPhone Developer: Maciej Dziergwa (24CP896HJZ)";
				"CODE_SIGN_IDENTITY[sdk=iphoneos*]" = "iPhone Developer: Maciej Dziergwa (24CP896HJZ)";
				GCC_PREFIX_HEADER = Grot/Prefix.pch;
				INFOPLIST_FILE = Grot/Info.plist;
				IPHONEOS_DEPLOYMENT_TARGET = 7.0;
				LD_RUNPATH_SEARCH_PATHS = "$(inherited) @executable_path/Frameworks";
				PRODUCT_NAME = "$(TARGET_NAME)";
				PROVISIONING_PROFILE = "4a2e184c-60d1-4ab1-b760-2422dfd7e62d";
				TARGETED_DEVICE_FAMILY = "1,2";
			};
			name = Debug;
		};
		0CA86E6A19DEAE4500512B28 /* Release */ = {
			isa = XCBuildConfiguration;
			baseConfigurationReference = E79DF10930B00D3E021F1BF9 /* Pods.release.xcconfig */;
			buildSettings = {
				ASSETCATALOG_COMPILER_APPICON_NAME = AppIcon;
				ASSETCATALOG_COMPILER_LAUNCHIMAGE_NAME = LaunchImage;
				CODE_SIGN_IDENTITY = "iPhone Developer: Maciej Dziergwa (24CP896HJZ)";
				"CODE_SIGN_IDENTITY[sdk=iphoneos*]" = "iPhone Developer: Maciej Dziergwa (24CP896HJZ)";
				GCC_PREFIX_HEADER = Grot/Prefix.pch;
				INFOPLIST_FILE = Grot/Info.plist;
				IPHONEOS_DEPLOYMENT_TARGET = 7.0;
				LD_RUNPATH_SEARCH_PATHS = "$(inherited) @executable_path/Frameworks";
				PRODUCT_NAME = "$(TARGET_NAME)";
				PROVISIONING_PROFILE = "4a2e184c-60d1-4ab1-b760-2422dfd7e62d";
				TARGETED_DEVICE_FAMILY = "1,2";
			};
			name = Release;
		};
		0CA86E6C19DEAE4500512B28 /* Debug */ = {
			isa = XCBuildConfiguration;
			buildSettings = {
				BUNDLE_LOADER = "$(TEST_HOST)";
				FRAMEWORK_SEARCH_PATHS = (
					"$(SDKROOT)/Developer/Library/Frameworks",
					"$(inherited)",
				);
				GCC_PREPROCESSOR_DEFINITIONS = (
					"DEBUG=1",
					"$(inherited)",
				);
				INFOPLIST_FILE = GrotTests/Info.plist;
				LD_RUNPATH_SEARCH_PATHS = "$(inherited) @executable_path/Frameworks @loader_path/Frameworks";
				PRODUCT_NAME = "$(TARGET_NAME)";
				TEST_HOST = "$(BUILT_PRODUCTS_DIR)/Grot.app/Grot";
			};
			name = Debug;
		};
		0CA86E6D19DEAE4500512B28 /* Release */ = {
			isa = XCBuildConfiguration;
			buildSettings = {
				BUNDLE_LOADER = "$(TEST_HOST)";
				FRAMEWORK_SEARCH_PATHS = (
					"$(SDKROOT)/Developer/Library/Frameworks",
					"$(inherited)",
				);
				INFOPLIST_FILE = GrotTests/Info.plist;
				LD_RUNPATH_SEARCH_PATHS = "$(inherited) @executable_path/Frameworks @loader_path/Frameworks";
				PRODUCT_NAME = "$(TARGET_NAME)";
				TEST_HOST = "$(BUILT_PRODUCTS_DIR)/Grot.app/Grot";
			};
			name = Release;
		};
/* End XCBuildConfiguration section */

/* Begin XCConfigurationList section */
		0CA86E4019DEAE4500512B28 /* Build configuration list for PBXProject "Grot" */ = {
			isa = XCConfigurationList;
			buildConfigurations = (
				0CA86E6619DEAE4500512B28 /* Debug */,
				0CA86E6719DEAE4500512B28 /* Release */,
			);
			defaultConfigurationIsVisible = 0;
			defaultConfigurationName = Release;
		};
		0CA86E6819DEAE4500512B28 /* Build configuration list for PBXNativeTarget "Grot" */ = {
			isa = XCConfigurationList;
			buildConfigurations = (
				0CA86E6919DEAE4500512B28 /* Debug */,
				0CA86E6A19DEAE4500512B28 /* Release */,
			);
			defaultConfigurationIsVisible = 0;
			defaultConfigurationName = Release;
		};
		0CA86E6B19DEAE4500512B28 /* Build configuration list for PBXNativeTarget "GrotTests" */ = {
			isa = XCConfigurationList;
			buildConfigurations = (
				0CA86E6C19DEAE4500512B28 /* Debug */,
				0CA86E6D19DEAE4500512B28 /* Release */,
			);
			defaultConfigurationIsVisible = 0;
			defaultConfigurationName = Release;
		};
/* End XCConfigurationList section */
	};
	rootObject = 0CA86E3D19DEAE4500512B28 /* Project object */;
}
